{
  "requires": true,
  "lockfileVersion": 1,
  "dependencies": {
    "@types/jquery": {
      "version": "3.3.2",
      "resolved": "https://registry.npmjs.org/@types/jquery/-/jquery-3.3.2.tgz",
      "integrity": "sha512-ByZwKSEqteAta4VrIalqGJZmMq9lWPD3H3f5Xs6RR8B7zQRDPGUtjoKBYNtKTz/7LgBEQMdlxVbbjQfUaEIItA=="
    },
    "@types/microsoft-ajax": {
      "version": "0.0.33",
      "resolved": "https://registry.npmjs.org/@types/microsoft-ajax/-/microsoft-ajax-0.0.33.tgz",
      "integrity": "sha512-R31YIw2FUZsx62yzH1LX9+SV0xCxRn+r6FpYhaEKHAms+3zozMYZZvsJO+I3za+wlE/z03PrePGgCO1rxv7dUg=="
    },
    "@types/sharepoint": {
      "version": "2016.1.1",
      "resolved": "https://registry.npmjs.org/@types/sharepoint/-/sharepoint-2016.1.1.tgz",
      "integrity": "sha512-jAL9GSMyIMHkheKV/FfGD457Or/RFGT//RSPwf2uztx6jvdDej1g16FF08YNd5Mg1XAa6bujaEaW2g/QfWtfdA==",
      "requires": {
        "@types/microsoft-ajax": "0.0.33"
      }
    }
  }
}
